Microsoft Visual Studio Solution File, Format Version 11.00
# Visual Studio 2008

Project("{42CB9285-6C9A-4615-AC35-BA5FECDCD3EF}") = "MenuProject 2", "Assembly-CSharp.csproj", "{6B0283F0-06B3-C472-3B40-00E7E00BEB82}"
EndProject
Global
	GlobalSection(SolutionConfigurationPlatforms) = preSolution
		Debug|Any CPU = Debug|Any CPU
		Release|Any CPU = Release|Any CPU
	EndGlobalSection
	GlobalSection(ProjectConfigurationPlatforms) = postSolution
		{6B0283F0-06B3-C472-3B40-00E7E00BEB82}.Debug|Any CPU.ActiveCfg = Debug|Any CPU
		{6B0283F0-06B3-C472-3B40-00E7E00BEB82}.Debug|Any CPU.Build.0 = Debug|Any CPU
		{6B0283F0-06B3-C472-3B40-00E7E00BEB82}.Release|Any CPU.ActiveCfg = Release|Any CPU
		{6B0283F0-06B3-C472-3B40-00E7E00BEB82}.Release|Any CPU.Build.0 = Release|Any CPU
	EndGlobalSection
	GlobalSection(SolutionProperties) = preSolution
		HideSolutionNode = FALSE
	EndGlobalSection
	GlobalSection(MonoDevelopProperties) = preSolution
		StartupItem = Assembly-CSharp.csproj
	EndGlobalSection
EndGlobal
